
Microsoft Visual Studio Solution File, Format Version 12.00
# Visual Studio Version 16
VisualStudioVersion = 16.0.30907.101
MinimumVisualStudioVersion = 10.0.40219.1
Project("{FAE04EC0-301F-11D3-BF4B-00C04F79EFBC}") = "desafio02.03", "desafio02.03\desafio02.03.csproj", "{E7EF375E-0713-4741-A869-A6322A8B774F}"
EndProject
Global
	GlobalSection(SolutionConfigurationPlatforms) = preSolution
		Debug|Any CPU = Debug|Any CPU
		Release|Any CPU = Release|Any CPU
	EndGlobalSection
	GlobalSection(ProjectConfigurationPlatforms) = postSolution
		{E7EF375E-0713-4741-A869-A6322A8B774F}.Debug|Any CPU.ActiveCfg = Debug|Any CPU
		{E7EF375E-0713-4741-A869-A6322A8B774F}.Debug|Any CPU.Build.0 = Debug|Any CPU
		{E7EF375E-0713-4741-A869-A6322A8B774F}.Release|Any CPU.ActiveCfg = Release|Any CPU
		{E7EF375E-0713-4741-A869-A6322A8B774F}.Release|Any CPU.Build.0 = Release|Any CPU
	EndGlobalSection
	GlobalSection(SolutionProperties) = preSolution
		HideSolutionNode = FALSE
	EndGlobalSection
	GlobalSection(ExtensibilityGlobals) = postSolution
		SolutionGuid = {70BFD675-125A-495C-9BCD-FB400E996516}
	EndGlobalSection
EndGlobal
